
Microsoft Visual Studio Solution File, Format Version 12.00
# Visual Studio Version 17
VisualStudioVersion = 17.4.33205.214
MinimumVisualStudioVersion = 10.0.40219.1
Project("{9A19103F-16F7-4668-BE54-9A1E7A4F7556}") = "AdminPortal", "AdminPortal\AdminPortal.csproj", "{B95184E2-04ED-4DA0-87D8-69EE248714AF}"
EndProject
Project("{9A19103F-16F7-4668-BE54-9A1E7A4F7556}") = "QLite.Data", "QLite.Data\QLite.Data.csproj", "{75D10706-76B2-4BD7-83F9-ABD1C37D588C}"
EndProject
Global
	GlobalSection(SolutionConfigurationPlatforms) = preSolution
		Debug|Any CPU = Debug|Any CPU
		Release|Any CPU = Release|Any CPU
	EndGlobalSection
	GlobalSection(ProjectConfigurationPlatforms) = postSolution
		{B95184E2-04ED-4DA0-87D8-69EE248714AF}.Debug|Any CPU.ActiveCfg = Debug|Any CPU
		{B95184E2-04ED-4DA0-87D8-69EE248714AF}.Debug|Any CPU.Build.0 = Debug|Any CPU
		{B95184E2-04ED-4DA0-87D8-69EE248714AF}.Release|Any CPU.ActiveCfg = Release|Any CPU
		{B95184E2-04ED-4DA0-87D8-69EE248714AF}.Release|Any CPU.Build.0 = Release|Any CPU
		{75D10706-76B2-4BD7-83F9-ABD1C37D588C}.Debug|Any CPU.ActiveCfg = Debug|Any CPU
		{75D10706-76B2-4BD7-83F9-ABD1C37D588C}.Debug|Any CPU.Build.0 = Debug|Any CPU
		{75D10706-76B2-4BD7-83F9-ABD1C37D588C}.Release|Any CPU.ActiveCfg = Release|Any CPU
		{75D10706-76B2-4BD7-83F9-ABD1C37D588C}.Release|Any CPU.Build.0 = Release|Any CPU
	EndGlobalSection
	GlobalSection(SolutionProperties) = preSolution
		HideSolutionNode = FALSE
	EndGlobalSection
	GlobalSection(ExtensibilityGlobals) = postSolution
		SolutionGuid = {409068CE-9E3A-4464-B1D5-755259F077FF}
	EndGlobalSection
EndGlobal
