
Microsoft Visual Studio Solution File, Format Version 12.00
# Visual Studio Version 17
VisualStudioVersion = 17.7.34024.191
MinimumVisualStudioVersion = 10.0.40219.1
Project("{FAE04EC0-301F-11D3-BF4B-00C04F79EFBC}") = "PortalPOC", "PortalPOC\PortalPOC.csproj", "{FF2F7835-BA96-44A4-8EA8-D7792FFD1302}"
EndProject
Global
	GlobalSection(SolutionConfigurationPlatforms) = preSolution
		Debug|Any CPU = Debug|Any CPU
		Release|Any CPU = Release|Any CPU
	EndGlobalSection
	GlobalSection(ProjectConfigurationPlatforms) = postSolution
		{FF2F7835-BA96-44A4-8EA8-D7792FFD1302}.Debug|Any CPU.ActiveCfg = Debug|Any CPU
		{FF2F7835-BA96-44A4-8EA8-D7792FFD1302}.Debug|Any CPU.Build.0 = Debug|Any CPU
		{FF2F7835-BA96-44A4-8EA8-D7792FFD1302}.Release|Any CPU.ActiveCfg = Release|Any CPU
		{FF2F7835-BA96-44A4-8EA8-D7792FFD1302}.Release|Any CPU.Build.0 = Release|Any CPU
	EndGlobalSection
	GlobalSection(SolutionProperties) = preSolution
		HideSolutionNode = FALSE
	EndGlobalSection
	GlobalSection(ExtensibilityGlobals) = postSolution
		SolutionGuid = {18F1AA99-DFCE-4A1F-AE50-EA04EDEAAA1A}
	EndGlobalSection
EndGlobal
